
Microsoft Visual Studio Solution File, Format Version 12.00
Project("{FAE04EC0-301F-11D3-BF4B-00C04F79EFBC}") = "RealTime", "RealTime\RealTime.csproj", "{9B05FECA-3427-4B1A-9DAB-7CF57C4EA616}"
EndProject
Project("{FAE04EC0-301F-11D3-BF4B-00C04F79EFBC}") = "RealTime.Tests", "RealTime.Tests\RealTime.Tests.csproj", "{8C97EED5-3A1C-4065-8018-CA988334308B}"
EndProject
Global
	GlobalSection(SolutionConfigurationPlatforms) = preSolution
		Debug|Any CPU = Debug|Any CPU
		Release|Any CPU = Release|Any CPU
	EndGlobalSection
	GlobalSection(ProjectConfigurationPlatforms) = postSolution
		{9B05FECA-3427-4B1A-9DAB-7CF57C4EA616}.Debug|Any CPU.ActiveCfg = Debug|Any CPU
		{9B05FECA-3427-4B1A-9DAB-7CF57C4EA616}.Debug|Any CPU.Build.0 = Debug|Any CPU
		{9B05FECA-3427-4B1A-9DAB-7CF57C4EA616}.Release|Any CPU.ActiveCfg = Release|Any CPU
		{9B05FECA-3427-4B1A-9DAB-7CF57C4EA616}.Release|Any CPU.Build.0 = Release|Any CPU
		{42DB448E-6320-4839-A22B-0E9A5CF46723}.Debug|Any CPU.ActiveCfg = Debug|Any CPU
		{42DB448E-6320-4839-A22B-0E9A5CF46723}.Debug|Any CPU.Build.0 = Debug|Any CPU
		{42DB448E-6320-4839-A22B-0E9A5CF46723}.Release|Any CPU.ActiveCfg = Release|Any CPU
		{42DB448E-6320-4839-A22B-0E9A5CF46723}.Release|Any CPU.Build.0 = Release|Any CPU
		{8C97EED5-3A1C-4065-8018-CA988334308B}.Debug|Any CPU.ActiveCfg = Debug|Any CPU
		{8C97EED5-3A1C-4065-8018-CA988334308B}.Debug|Any CPU.Build.0 = Debug|Any CPU
		{8C97EED5-3A1C-4065-8018-CA988334308B}.Release|Any CPU.ActiveCfg = Release|Any CPU
		{8C97EED5-3A1C-4065-8018-CA988334308B}.Release|Any CPU.Build.0 = Release|Any CPU
	EndGlobalSection
EndGlobal
